
Microsoft Visual Studio Solution File, Format Version 12.00
# Visual Studio 2013
VisualStudioVersion = 12.0.21005.1
MinimumVisualStudioVersion = 10.0.40219.1
Project("{FAE04EC0-301F-11D3-BF4B-00C04F79EFBC}") = "DynamicProxy.Demo", "DynamicProxy.Demo\DynamicProxy.Demo.csproj", "{54F9CCB5-4050-4638-A55C-3B37C7C67EF6}"
EndProject
Project("{FAE04EC0-301F-11D3-BF4B-00C04F79EFBC}") = "DynamicProxy.Core", "DynamicProxy.Core\DynamicProxy.Core.csproj", "{FFC93662-035E-4E7A-9077-F12CB4661B3A}"
EndProject
Global
	GlobalSection(SolutionConfigurationPlatforms) = preSolution
		Debug|Any CPU = Debug|Any CPU
		Release|Any CPU = Release|Any CPU
	EndGlobalSection
	GlobalSection(ProjectConfigurationPlatforms) = postSolution
		{54F9CCB5-4050-4638-A55C-3B37C7C67EF6}.Debug|Any CPU.ActiveCfg = Debug|Any CPU
		{54F9CCB5-4050-4638-A55C-3B37C7C67EF6}.Debug|Any CPU.Build.0 = Debug|Any CPU
		{54F9CCB5-4050-4638-A55C-3B37C7C67EF6}.Release|Any CPU.ActiveCfg = Release|Any CPU
		{54F9CCB5-4050-4638-A55C-3B37C7C67EF6}.Release|Any CPU.Build.0 = Release|Any CPU
		{FFC93662-035E-4E7A-9077-F12CB4661B3A}.Debug|Any CPU.ActiveCfg = Debug|Any CPU
		{FFC93662-035E-4E7A-9077-F12CB4661B3A}.Debug|Any CPU.Build.0 = Debug|Any CPU
		{FFC93662-035E-4E7A-9077-F12CB4661B3A}.Release|Any CPU.ActiveCfg = Release|Any CPU
		{FFC93662-035E-4E7A-9077-F12CB4661B3A}.Release|Any CPU.Build.0 = Release|Any CPU
	EndGlobalSection
	GlobalSection(SolutionProperties) = preSolution
		HideSolutionNode = FALSE
	EndGlobalSection
EndGlobal
